
Microsoft Visual Studio Solution File, Format Version 12.00
# Visual Studio Version 17
VisualStudioVersion = 17.5.33414.496
MinimumVisualStudioVersion = 10.0.40219.1
Project("{9A19103F-16F7-4668-BE54-9A1E7A4F7556}") = "DB-Service", "DB-Service\DB-Service.csproj", "{0A1093AC-6661-429C-8EBC-A46E79F8E50E}"
EndProject
Project("{9A19103F-16F7-4668-BE54-9A1E7A4F7556}") = "S3-Service", "S3-Service\S3-Service.csproj", "{B805AE1F-7657-426F-8232-8BDE3242F1B8}"
EndProject
Global
	GlobalSection(SolutionConfigurationPlatforms) = preSolution
		Debug|Any CPU = Debug|Any CPU
		Release|Any CPU = Release|Any CPU
	EndGlobalSection
	GlobalSection(ProjectConfigurationPlatforms) = postSolution
		{0A1093AC-6661-429C-8EBC-A46E79F8E50E}.Debug|Any CPU.ActiveCfg = Debug|Any CPU
		{0A1093AC-6661-429C-8EBC-A46E79F8E50E}.Debug|Any CPU.Build.0 = Debug|Any CPU
		{0A1093AC-6661-429C-8EBC-A46E79F8E50E}.Release|Any CPU.ActiveCfg = Release|Any CPU
		{0A1093AC-6661-429C-8EBC-A46E79F8E50E}.Release|Any CPU.Build.0 = Release|Any CPU
		{B805AE1F-7657-426F-8232-8BDE3242F1B8}.Debug|Any CPU.ActiveCfg = Debug|Any CPU
		{B805AE1F-7657-426F-8232-8BDE3242F1B8}.Debug|Any CPU.Build.0 = Debug|Any CPU
		{B805AE1F-7657-426F-8232-8BDE3242F1B8}.Release|Any CPU.ActiveCfg = Release|Any CPU
		{B805AE1F-7657-426F-8232-8BDE3242F1B8}.Release|Any CPU.Build.0 = Release|Any CPU
	EndGlobalSection
	GlobalSection(SolutionProperties) = preSolution
		HideSolutionNode = FALSE
	EndGlobalSection
	GlobalSection(ExtensibilityGlobals) = postSolution
		SolutionGuid = {75485D9D-22B0-4117-A773-58B33FE91A66}
	EndGlobalSection
EndGlobal
